// !$*UTF8*$!
{
	archiveVersion = 1;
	classes = {
	};
	objectVersion = 46;
	objects = {

/* Begin PBXBuildFile section */
		427BBB571DD525AE00D7DCA6 /* main.swift in Sources */ = {isa = PBXBuildFile; fileRef = 427BBB561DD525AE00D7DCA6 /* main.swift */; };
		429481231DDA13B4003E4AF4 /* FileManager+.swift in Sources */ = {isa = PBXBuildFile; fileRef = 429481221DDA13B4003E4AF4 /* FileManager+.swift */; };
		429481251DDA13D8003E4AF4 /* String+.swift in Sources */ = {isa = PBXBuildFile; fileRef = 429481241DDA13D8003E4AF4 /* String+.swift */; };
		8D5F1FB41DDA1C7B000FE59E /* main-start.txt in CopyFiles */ = {isa = PBXBuildFile; fileRef = 429481191DDA0C88003E4AF4 /* main-start.txt */; };
		8D5F1FB51DDA1C7B000FE59E /* Helpers.txt in CopyFiles */ = {isa = PBXBuildFile; fileRef = 4294811A1DDA0C88003E4AF4 /* Helpers.txt */; };
		8D5F1FB61DDA1C7B000FE59E /* Register.txt in CopyFiles */ = {isa = PBXBuildFile; fileRef = 4294811B1DDA0C88003E4AF4 /* Register.txt */; };
		8D5F1FB71DDA1C7B000FE59E /* Instructions.plist in CopyFiles */ = {isa = PBXBuildFile; fileRef = 429481201DDA0D27003E4AF4 /* Instructions.plist */; };
		8DCB57341DDA45E200B4A03F /* main-end.txt in CopyFiles */ = {isa = PBXBuildFile; fileRef = 8DCB57331DDA457A00B4A03F /* main-end.txt */; };
/* End PBXBuildFile section */

/* Begin PBXCopyFilesBuildPhase section */
		427BBB511DD525AE00D7DCA6 /* CopyFiles */ = {
			isa = PBXCopyFilesBuildPhase;
			buildActionMask = 12;
			dstPath = "";
			dstSubfolderSpec = 7;
			files = (
				8D5F1FB41DDA1C7B000FE59E /* main-start.txt in CopyFiles */,
				8DCB57341DDA45E200B4A03F /* main-end.txt in CopyFiles */,
				8D5F1FB51DDA1C7B000FE59E /* Helpers.txt in CopyFiles */,
				8D5F1FB61DDA1C7B000FE59E /* Register.txt in CopyFiles */,
				8D5F1FB71DDA1C7B000FE59E /* Instructions.plist in CopyFiles */,
			);
			runOnlyForDeploymentPostprocessing = 0;
		};
/* End PBXCopyFilesBuildPhase section */

/* Begin PBXFileReference section */
		427BBB531DD525AE00D7DCA6 /* BrainFuck */ = {isa = PBXFileReference; explicitFileType = "compiled.mach-o.executable"; includeInIndex = 0; path = BrainFuck; sourceTree = BUILT_PRODUCTS_DIR; };
		427BBB561DD525AE00D7DCA6 /* main.swift */ = {isa = PBXFileReference; lastKnownFileType = sourcecode.swift; path = main.swift; sourceTree = "<group>"; };
		429481191DDA0C88003E4AF4 /* main-start.txt */ = {isa = PBXFileReference; lastKnownFileType = text; path = "main-start.txt"; sourceTree = "<group>"; };
		4294811A1DDA0C88003E4AF4 /* Helpers.txt */ = {isa = PBXFileReference; lastKnownFileType = text; path = Helpers.txt; sourceTree = "<group>"; };
		4294811B1DDA0C88003E4AF4 /* Register.txt */ = {isa = PBXFileReference; lastKnownFileType = text; path = Register.txt; sourceTree = "<group>"; };
		429481201DDA0D27003E4AF4 /* Instructions.plist */ = {isa = PBXFileReference; fileEncoding = 4; lastKnownFileType = text.plist.xml; path = Instructions.plist; sourceTree = "<group>"; };
		429481221DDA13B4003E4AF4 /* FileManager+.swift */ = {isa = PBXFileReference; fileEncoding = 4; lastKnownFileType = sourcecode.swift; path = "FileManager+.swift"; sourceTree = "<group>"; };
		429481241DDA13D8003E4AF4 /* String+.swift */ = {isa = PBXFileReference; fileEncoding = 4; lastKnownFileType = sourcecode.swift; path = "String+.swift"; sourceTree = "<group>"; };
		8DCB57331DDA457A00B4A03F /* main-end.txt */ = {isa = PBXFileReference; lastKnownFileType = text; path = "main-end.txt"; sourceTree = "<group>"; };
/* End PBXFileReference section */

/* Begin PBXFrameworksBuildPhase section */
		427BBB501DD525AE00D7DCA6 /* Frameworks */ = {
			isa = PBXFrameworksBuildPhase;
			buildActionMask = 2147483647;
			files = (
			);
			runOnlyForDeploymentPostprocessing = 0;
		};
/* End PBXFrameworksBuildPhase section */

/* Begin PBXGroup section */
		427BBB4A1DD525AE00D7DCA6 = {
			isa = PBXGroup;
			children = (
				427BBB551DD525AE00D7DCA6 /* BrainFuck */,
				427BBB541DD525AE00D7DCA6 /* Products */,
			);
			sourceTree = "<group>";
		};
		427BBB541DD525AE00D7DCA6 /* Products */ = {
			isa = PBXGroup;
			children = (
				427BBB531DD525AE00D7DCA6 /* BrainFuck */,
			);
			name = Products;
			sourceTree = "<group>";
		};
		427BBB551DD525AE00D7DCA6 /* BrainFuck */ = {
			isa = PBXGroup;
			children = (
				427BBB561DD525AE00D7DCA6 /* main.swift */,
				429481221DDA13B4003E4AF4 /* FileManager+.swift */,
				429481241DDA13D8003E4AF4 /* String+.swift */,
				429481191DDA0C88003E4AF4 /* main-start.txt */,
				8DCB57331DDA457A00B4A03F /* main-end.txt */,
				4294811A1DDA0C88003E4AF4 /* Helpers.txt */,
				4294811B1DDA0C88003E4AF4 /* Register.txt */,
				429481201DDA0D27003E4AF4 /* Instructions.plist */,
			);
			path = BrainFuck;
			sourceTree = "<group>";
		};
/* End PBXGroup section */

/* Begin PBXNativeTarget section */
		427BBB521DD525AE00D7DCA6 /* BrainFuck */ = {
			isa = PBXNativeTarget;
			buildConfigurationList = 427BBB5A1DD525AE00D7DCA6 /* Build configuration list for PBXNativeTarget "BrainFuck" */;
			buildPhases = (
				427BBB4F1DD525AE00D7DCA6 /* Sources */,
				427BBB501DD525AE00D7DCA6 /* Frameworks */,
				427BBB511DD525AE00D7DCA6 /* CopyFiles */,
			);
			buildRules = (
			);
			dependencies = (
			);
			name = BrainFuck;
			productName = BrainFuck;
			productReference = 427BBB531DD525AE00D7DCA6 /* BrainFuck */;
			productType = "com.apple.product-type.tool";
		};
/* End PBXNativeTarget section */

/* Begin PBXProject section */
		427BBB4B1DD525AE00D7DCA6 /* Project object */ = {
			isa = PBXProject;
			attributes = {
				LastSwiftUpdateCheck = 0810;
				LastUpgradeCheck = 0810;
				ORGANIZATIONNAME = "Shiyu Du";
				TargetAttributes = {
					427BBB521DD525AE00D7DCA6 = {
						CreatedOnToolsVersion = 8.1;
						DevelopmentTeam = 56DQ66XR34;
						ProvisioningStyle = Automatic;
					};
				};
			};
			buildConfigurationList = 427BBB4E1DD525AE00D7DCA6 /* Build configuration list for PBXProject "BrainFuck" */;
			compatibilityVersion = "Xcode 3.2";
			developmentRegion = English;
			hasScannedForEncodings = 0;
			knownRegions = (
				en,
			);
			mainGroup = 427BBB4A1DD525AE00D7DCA6;
			productRefGroup = 427BBB541DD525AE00D7DCA6 /* Products */;
			projectDirPath = "";
			projectRoot = "";
			targets = (
				427BBB521DD525AE00D7DCA6 /* BrainFuck */,
			);
		};
/* End PBXProject section */

/* Begin PBXSourcesBuildPhase section */
		427BBB4F1DD525AE00D7DCA6 /* Sources */ = {
			isa = PBXSourcesBuildPhase;
			buildActionMask = 2147483647;
			files = (
				427BBB571DD525AE00D7DCA6 /* main.swift in Sources */,
				429481251DDA13D8003E4AF4 /* String+.swift in Sources */,
				429481231DDA13B4003E4AF4 /* FileManager+.swift in Sources */,
			);
			runOnlyForDeploymentPostprocessing = 0;
		};
/* End PBXSourcesBuildPhase section */

/* Begin XCBuildConfiguration section */
		427BBB581DD525AE00D7DCA6 /* Debug */ = {
			isa = XCBuildConfiguration;
			buildSettings = {
				ALWAYS_SEARCH_USER_PATHS = NO;
				CLANG_ANALYZER_NONNULL = YES;
				CLANG_CXX_LANGUAGE_STANDARD = "gnu++0x";
				CLANG_CXX_LIBRARY = "libc++";
				CLANG_ENABLE_MODULES = YES;
				CLANG_ENABLE_OBJC_ARC = YES;
				CLANG_WARN_BOOL_CONVERSION = YES;
				CLANG_WARN_CONSTANT_CONVERSION = YES;
				CLANG_WARN_DIRECT_OBJC_ISA_USAGE = YES_ERROR;
				CLANG_WARN_DOCUMENTATION_COMMENTS = YES;
				CLANG_WARN_EMPTY_BODY = YES;
				CLANG_WARN_ENUM_CONVERSION = YES;
				CLANG_WARN_INFINITE_RECURSION = YES;
				CLANG_WARN_INT_CONVERSION = YES;
				CLANG_WARN_OBJC_ROOT_CLASS = YES_ERROR;
				CLANG_WARN_SUSPICIOUS_MOVES = YES;
				CLANG_WARN_UNREACHABLE_CODE = YES;
				CLANG_WARN__DUPLICATE_METHOD_MATCH = YES;
				CODE_SIGN_IDENTITY = "-";
				COPY_PHASE_STRIP = NO;
				DEBUG_INFORMATION_FORMAT = dwarf;
				ENABLE_STRICT_OBJC_MSGSEND = YES;
				ENABLE_TESTABILITY = YES;
				GCC_C_LANGUAGE_STANDARD = gnu99;
				GCC_DYNAMIC_NO_PIC = NO;
				GCC_NO_COMMON_BLOCKS = YES;
				GCC_OPTIMIZATION_LEVEL = 0;
				GCC_PREPROCESSOR_DEFINITIONS = (
					"DEBUG=1",
					"$(inherited)",
				);
				GCC_WARN_64_TO_32_BIT_CONVERSION = YES;
				GCC_WARN_ABOUT_RETURN_TYPE = YES_ERROR;
				GCC_WARN_UNDECLARED_SELECTOR = YES;
				GCC_WARN_UNINITIALIZED_AUTOS = YES_AGGRESSIVE;
				GCC_WARN_UNUSED_FUNCTION = YES;
				GCC_WARN_UNUSED_VARIABLE = YES;
				MACOSX_DEPLOYMENT_TARGET = 10.11;
				MTL_ENABLE_DEBUG_INFO = YES;
				ONLY_ACTIVE_ARCH = YES;
				SDKROOT = macosx;
				SWIFT_OPTIMIZATION_LEVEL = "-Onone";
			};
			name = Debug;
		};
		427BBB591DD525AE00D7DCA6 /* Release */ = {
			isa = XCBuildConfiguration;
			buildSettings = {
				ALWAYS_SEARCH_USER_PATHS = NO;
				CLANG_ANALYZER_NONNULL = YES;
				CLANG_CXX_LANGUAGE_STANDARD = "gnu++0x";
				CLANG_CXX_LIBRARY = "libc++";
				CLANG_ENABLE_MODULES = YES;
				CLANG_ENABLE_OBJC_ARC = YES;
				CLANG_WARN_BOOL_CONVERSION = YES;
				CLANG_WARN_CONSTANT_CONVERSION = YES;
				CLANG_WARN_DIRECT_OBJC_ISA_USAGE = YES_ERROR;
				CLANG_WARN_DOCUMENTATION_COMMENTS = YES;
				CLANG_WARN_EMPTY_BODY = YES;
				CLANG_WARN_ENUM_CONVERSION = YES;
				CLANG_WARN_INFINITE_RECURSION = YES;
				CLANG_WARN_INT_CONVERSION = YES;
				CLANG_WARN_OBJC_ROOT_CLASS = YES_ERROR;
				CLANG_WARN_SUSPICIOUS_MOVES = YES;
				CLANG_WARN_UNREACHABLE_CODE = YES;
				CLANG_WARN__DUPLICATE_METHOD_MATCH = YES;
				CODE_SIGN_IDENTITY = "-";
				COPY_PHASE_STRIP = NO;
				DEBUG_INFORMATION_FORMAT = "dwarf-with-dsym";
				ENABLE_NS_ASSERTIONS = NO;
				ENABLE_STRICT_OBJC_MSGSEND = YES;
				GCC_C_LANGUAGE_STANDARD = gnu99;
				GCC_NO_COMMON_BLOCKS = YES;
				GCC_WARN_64_TO_32_BIT_CONVERSION = YES;
				GCC_WARN_ABOUT_RETURN_TYPE = YES_ERROR;
				GCC_WARN_UNDECLARED_SELECTOR = YES;
				GCC_WARN_UNINITIALIZED_AUTOS = YES_AGGRESSIVE;
				GCC_WARN_UNUSED_FUNCTION = YES;
				GCC_WARN_UNUSED_VARIABLE = YES;
				MACOSX_DEPLOYMENT_TARGET = 10.11;
				MTL_ENABLE_DEBUG_INFO = NO;
				SDKROOT = macosx;
			};
			name = Release;
		};
		427BBB5B1DD525AE00D7DCA6 /* Debug */ = {
			isa = XCBuildConfiguration;
			buildSettings = {
				DEVELOPMENT_TEAM = 56DQ66XR34;
				PRODUCT_NAME = "$(TARGET_NAME)";
				SWIFT_VERSION = 3.0;
			};
			name = Debug;
		};
		427BBB5C1DD525AE00D7DCA6 /* Release */ = {
			isa = XCBuildConfiguration;
			buildSettings = {
				DEVELOPMENT_TEAM = 56DQ66XR34;
				PRODUCT_NAME = "$(TARGET_NAME)";
				SWIFT_VERSION = 3.0;
			};
			name = Release;
		};
/* End XCBuildConfiguration section */

/* Begin XCConfigurationList section */
		427BBB4E1DD525AE00D7DCA6 /* Build configuration list for PBXProject "BrainFuck" */ = {
			isa = XCConfigurationList;
			buildConfigurations = (
				427BBB581DD525AE00D7DCA6 /* Debug */,
				427BBB591DD525AE00D7DCA6 /* Release */,
			);
			defaultConfigurationIsVisible = 0;
			defaultConfigurationName = Release;
		};
		427BBB5A1DD525AE00D7DCA6 /* Build configuration list for PBXNativeTarget "BrainFuck" */ = {
			isa = XCConfigurationList;
			buildConfigurations = (
				427BBB5B1DD525AE00D7DCA6 /* Debug */,
				427BBB5C1DD525AE00D7DCA6 /* Release */,
			);
			defaultConfigurationIsVisible = 0;
			defaultConfigurationName = Release;
		};
/* End XCConfigurationList section */
	};
	rootObject = 427BBB4B1DD525AE00D7DCA6 /* Project object */;
}
